
Microsoft Visual Studio Solution File, Format Version 11.00
# Visual C++ Express 2010
Project("{8BC9CEB8-8B4A-11D0-8D11-00A0C91BC942}") = "NumIden", "NumIden\NumIden.vcxproj", "{2ACDBC14-F673-4031-AB55-331EBE5A2F78}"
EndProject
Global
	GlobalSection(SolutionConfigurationPlatforms) = preSolution
		Debug|Win32 = Debug|Win32
		Release|Win32 = Release|Win32
	EndGlobalSection
	GlobalSection(ProjectConfigurationPlatforms) = postSolution
		{2ACDBC14-F673-4031-AB55-331EBE5A2F78}.Debug|Win32.ActiveCfg = Debug|Win32
		{2ACDBC14-F673-4031-AB55-331EBE5A2F78}.Debug|Win32.Build.0 = Debug|Win32
		{2ACDBC14-F673-4031-AB55-331EBE5A2F78}.Release|Win32.ActiveCfg = Release|Win32
		{2ACDBC14-F673-4031-AB55-331EBE5A2F78}.Release|Win32.Build.0 = Release|Win32
	EndGlobalSection
	GlobalSection(SolutionProperties) = preSolution
		HideSolutionNode = FALSE
	EndGlobalSection
EndGlobal
